{
  "name": "javascript methods",
  "lockfileVersion": 3,
  "requires": true,
  "packages": {
    "": {
      "dependencies": {
        "promis": "^1.1.4"
      }
    },
    "node_modules/promis": {
      "version": "1.1.4",
      "resolved": "https://registry.npmjs.org/promis/-/promis-1.1.4.tgz",
      "integrity": "sha512-PYoK1UKLWbi+kKcYFVbNhjfh9RhLzIr0jEO12Enw2HXBAX55l0eUemBjRKoeG/qpN8W2vzyKyZk01XTlff6IWw=="
    }
  }
}
